
Microsoft Visual Studio Solution File, Format Version 12.00
# Visual Studio Version 17
VisualStudioVersion = 17.11.35017.193
MinimumVisualStudioVersion = 10.0.40219.1
Project("{8BC9CEB8-8B4A-11D0-8D11-00A0C91BC942}") = "P1DataStructures", "DataStruct\DataStruct.vcxproj", "{052F06AC-6963-46F1-9B22-B6BDB59115CA}"
EndProject
Project("{8BC9CEB8-8B4A-11D0-8D11-00A0C91BC942}") = "STLDataStructures", "STLDataStructures\STLDataStructures.vcxproj", "{85917A3E-A3ED-4435-83D6-E681220D65D0}"
EndProject
Project("{8BC9CEB8-8B4A-11D0-8D11-00A0C91BC942}") = "PerformanceAnalysis", "PerformanceAnalysis\PerformanceAnalysis.vcxproj", "{E5D27AFC-784E-4CA1-A49E-F8EB86B1F7DF}"
EndProject
Global
	GlobalSection(SolutionConfigurationPlatforms) = preSolution
		Debug|x64 = Debug|x64
		Debug|x86 = Debug|x86
		Release|x64 = Release|x64
		Release|x86 = Release|x86
	EndGlobalSection
	GlobalSection(ProjectConfigurationPlatforms) = postSolution
		{052F06AC-6963-46F1-9B22-B6BDB59115CA}.Debug|x64.ActiveCfg = Debug|x64
		{052F06AC-6963-46F1-9B22-B6BDB59115CA}.Debug|x64.Build.0 = Debug|x64
		{052F06AC-6963-46F1-9B22-B6BDB59115CA}.Debug|x86.ActiveCfg = Debug|Win32
		{052F06AC-6963-46F1-9B22-B6BDB59115CA}.Debug|x86.Build.0 = Debug|Win32
		{052F06AC-6963-46F1-9B22-B6BDB59115CA}.Release|x64.ActiveCfg = Release|x64
		{052F06AC-6963-46F1-9B22-B6BDB59115CA}.Release|x64.Build.0 = Release|x64
		{052F06AC-6963-46F1-9B22-B6BDB59115CA}.Release|x86.ActiveCfg = Release|Win32
		{052F06AC-6963-46F1-9B22-B6BDB59115CA}.Release|x86.Build.0 = Release|Win32
		{85917A3E-A3ED-4435-83D6-E681220D65D0}.Debug|x64.ActiveCfg = Debug|x64
		{85917A3E-A3ED-4435-83D6-E681220D65D0}.Debug|x64.Build.0 = Debug|x64
		{85917A3E-A3ED-4435-83D6-E681220D65D0}.Debug|x86.ActiveCfg = Debug|Win32
		{85917A3E-A3ED-4435-83D6-E681220D65D0}.Debug|x86.Build.0 = Debug|Win32
		{85917A3E-A3ED-4435-83D6-E681220D65D0}.Release|x64.ActiveCfg = Release|x64
		{85917A3E-A3ED-4435-83D6-E681220D65D0}.Release|x64.Build.0 = Release|x64
		{85917A3E-A3ED-4435-83D6-E681220D65D0}.Release|x86.ActiveCfg = Release|Win32
		{85917A3E-A3ED-4435-83D6-E681220D65D0}.Release|x86.Build.0 = Release|Win32
		{E5D27AFC-784E-4CA1-A49E-F8EB86B1F7DF}.Debug|x64.ActiveCfg = Debug|x64
		{E5D27AFC-784E-4CA1-A49E-F8EB86B1F7DF}.Debug|x64.Build.0 = Debug|x64
		{E5D27AFC-784E-4CA1-A49E-F8EB86B1F7DF}.Debug|x86.ActiveCfg = Debug|Win32
		{E5D27AFC-784E-4CA1-A49E-F8EB86B1F7DF}.Debug|x86.Build.0 = Debug|Win32
		{E5D27AFC-784E-4CA1-A49E-F8EB86B1F7DF}.Release|x64.ActiveCfg = Release|x64
		{E5D27AFC-784E-4CA1-A49E-F8EB86B1F7DF}.Release|x64.Build.0 = Release|x64
		{E5D27AFC-784E-4CA1-A49E-F8EB86B1F7DF}.Release|x86.ActiveCfg = Release|Win32
		{E5D27AFC-784E-4CA1-A49E-F8EB86B1F7DF}.Release|x86.Build.0 = Release|Win32
	EndGlobalSection
	GlobalSection(SolutionProperties) = preSolution
		HideSolutionNode = FALSE
	EndGlobalSection
	GlobalSection(ExtensibilityGlobals) = postSolution
		SolutionGuid = {835CE24A-9A1A-48F5-B816-9A095AB816AF}
	EndGlobalSection
EndGlobal
